
Microsoft Visual Studio Solution File, Format Version 12.00
Project("{FAE04EC0-301F-11D3-BF4B-00C04F79EFBC}") = "virtual-pet-care-api", "virtual-pet-care-api.csproj", "{05E56BD0-AB30-4D34-87AB-F54280693831}"
EndProject
Global
	GlobalSection(SolutionConfigurationPlatforms) = preSolution
		Debug|Any CPU = Debug|Any CPU
		Release|Any CPU = Release|Any CPU
	EndGlobalSection
	GlobalSection(ProjectConfigurationPlatforms) = postSolution
		{05E56BD0-AB30-4D34-87AB-F54280693831}.Debug|Any CPU.ActiveCfg = Debug|Any CPU
		{05E56BD0-AB30-4D34-87AB-F54280693831}.Debug|Any CPU.Build.0 = Debug|Any CPU
		{05E56BD0-AB30-4D34-87AB-F54280693831}.Release|Any CPU.ActiveCfg = Release|Any CPU
		{05E56BD0-AB30-4D34-87AB-F54280693831}.Release|Any CPU.Build.0 = Release|Any CPU
	EndGlobalSection
EndGlobal
